
Microsoft Visual Studio Solution File, Format Version 12.00
# Visual Studio Version 16
VisualStudioVersion = 16.0.31605.320
MinimumVisualStudioVersion = 10.0.40219.1
Project("{9A19103F-16F7-4668-BE54-9A1E7A4F7556}") = "TestLib", "TestLib\TestLib.csproj", "{8A99084F-DB5A-4C20-A6E7-57921D85CF8D}"
EndProject
Project("{2150E333-8FDC-42A3-9474-1A3956D46DE8}") = "Solution Items", "Solution Items", "{6ACB99AE-53E7-44AE-985D-8C4485214B62}"
	ProjectSection(SolutionItems) = preProject
		README.txt = README.txt
	EndProjectSection
EndProject
Project("{9A19103F-16F7-4668-BE54-9A1E7A4F7556}") = "WinAppManipulator", "WordManipulation\WinAppManipulator.csproj", "{851BB554-D3D0-4603-A235-02BE6EA3208B}"
EndProject
Global
	GlobalSection(SolutionConfigurationPlatforms) = preSolution
		Debug|Any CPU = Debug|Any CPU
		Release|Any CPU = Release|Any CPU
	EndGlobalSection
	GlobalSection(ProjectConfigurationPlatforms) = postSolution
		{8A99084F-DB5A-4C20-A6E7-57921D85CF8D}.Debug|Any CPU.ActiveCfg = Debug|Any CPU
		{8A99084F-DB5A-4C20-A6E7-57921D85CF8D}.Debug|Any CPU.Build.0 = Debug|Any CPU
		{8A99084F-DB5A-4C20-A6E7-57921D85CF8D}.Release|Any CPU.ActiveCfg = Release|Any CPU
		{8A99084F-DB5A-4C20-A6E7-57921D85CF8D}.Release|Any CPU.Build.0 = Release|Any CPU
		{851BB554-D3D0-4603-A235-02BE6EA3208B}.Debug|Any CPU.ActiveCfg = Debug|Any CPU
		{851BB554-D3D0-4603-A235-02BE6EA3208B}.Debug|Any CPU.Build.0 = Debug|Any CPU
		{851BB554-D3D0-4603-A235-02BE6EA3208B}.Release|Any CPU.ActiveCfg = Release|Any CPU
		{851BB554-D3D0-4603-A235-02BE6EA3208B}.Release|Any CPU.Build.0 = Release|Any CPU
	EndGlobalSection
	GlobalSection(SolutionProperties) = preSolution
		HideSolutionNode = FALSE
	EndGlobalSection
	GlobalSection(ExtensibilityGlobals) = postSolution
		SolutionGuid = {89B31430-4AA0-4555-BBA9-E359F2D9415C}
	EndGlobalSection
EndGlobal
